// !$*UTF8*$!
{
	archiveVersion = 1;
	classes = {
	};
	objectVersion = 56;
	objects = {

/* Begin PBXBuildFile section */
		30873FF0C6B23402067C1D9B /* Pods_SingKing.framework in Frameworks */ = {isa = PBXBuildFile; fileRef = FFFF982777A1E322600F5B38 /* Pods_SingKing.framework */; };
		48C5F8AD28F315CC0013EF53 /* SingKingApp.swift in Sources */ = {isa = PBXBuildFile; fileRef = 48C5F8AC28F315CC0013EF53 /* SingKingApp.swift */; };
		48C5F8AF28F315CC0013EF53 /* ContentView.swift in Sources */ = {isa = PBXBuildFile; fileRef = 48C5F8AE28F315CC0013EF53 /* ContentView.swift */; };
		48C5F8B128F315CF0013EF53 /* Assets.xcassets in Resources */ = {isa = PBXBuildFile; fileRef = 48C5F8B028F315CF0013EF53 /* Assets.xcassets */; };
		48C5F8B428F315CF0013EF53 /* Preview Assets.xcassets in Resources */ = {isa = PBXBuildFile; fileRef = 48C5F8B328F315CF0013EF53 /* Preview Assets.xcassets */; };
		48C5F8BE28F315CF0013EF53 /* SingKingTests.swift in Sources */ = {isa = PBXBuildFile; fileRef = 48C5F8BD28F315CF0013EF53 /* SingKingTests.swift */; };
		48C5F8C828F315CF0013EF53 /* SingKingUITests.swift in Sources */ = {isa = PBXBuildFile; fileRef = 48C5F8C728F315CF0013EF53 /* SingKingUITests.swift */; };
		48C5F8CA28F315CF0013EF53 /* SingKingUITestsLaunchTests.swift in Sources */ = {isa = PBXBuildFile; fileRef = 48C5F8C928F315CF0013EF53 /* SingKingUITestsLaunchTests.swift */; };
		48C5F8D728F319C90013EF53 /* LaunchScreen.storyboard in Resources */ = {isa = PBXBuildFile; fileRef = 48C5F8D628F319C90013EF53 /* LaunchScreen.storyboard */; };
		48C5F8D928F320550013EF53 /* Localizable.strings in Resources */ = {isa = PBXBuildFile; fileRef = 48C5F8D828F320550013EF53 /* Localizable.strings */; };
		48C5F8DF28F320C50013EF53 /* Colors.xcassets in Resources */ = {isa = PBXBuildFile; fileRef = 48C5F8DE28F320C50013EF53 /* Colors.xcassets */; };
		48C5F8E228F320F70013EF53 /* API.swift in Sources */ = {isa = PBXBuildFile; fileRef = 48C5F8E128F320F70013EF53 /* API.swift */; };
		48C5F8E428F321020013EF53 /* AppString.swift in Sources */ = {isa = PBXBuildFile; fileRef = 48C5F8E328F321020013EF53 /* AppString.swift */; };
		48C5F8E628F3210B0013EF53 /* AppColor.swift in Sources */ = {isa = PBXBuildFile; fileRef = 48C5F8E528F3210B0013EF53 /* AppColor.swift */; };
		48C5F8E828F321130013EF53 /* AppImage.swift in Sources */ = {isa = PBXBuildFile; fileRef = 48C5F8E728F321130013EF53 /* AppImage.swift */; };
		48C5F8EB28F3213C0013EF53 /* APIManager.swift in Sources */ = {isa = PBXBuildFile; fileRef = 48C5F8EA28F3213C0013EF53 /* APIManager.swift */; };
		48C5F8ED28F3217B0013EF53 /* README.md in Resources */ = {isa = PBXBuildFile; fileRef = 48C5F8EC28F3217B0013EF53 /* README.md */; };
		48C5F8EF28F325B00013EF53 /* CharactersView.swift in Sources */ = {isa = PBXBuildFile; fileRef = 48C5F8EE28F325B00013EF53 /* CharactersView.swift */; };
		48C5F8F128F326280013EF53 /* Character.swift in Sources */ = {isa = PBXBuildFile; fileRef = 48C5F8F028F326280013EF53 /* Character.swift */; };
		48C5F8F328F327B60013EF53 /* CharactersViewModel.swift in Sources */ = {isa = PBXBuildFile; fileRef = 48C5F8F228F327B60013EF53 /* CharactersViewModel.swift */; };
		48C5F8F528F32C9D0013EF53 /* WebImageExtension.swift in Sources */ = {isa = PBXBuildFile; fileRef = 48C5F8F428F32C9D0013EF53 /* WebImageExtension.swift */; };
		48C5F8F728F36F910013EF53 /* CharacterGameView.swift in Sources */ = {isa = PBXBuildFile; fileRef = 48C5F8F628F36F910013EF53 /* CharacterGameView.swift */; };
		48C5F8F928F36FC70013EF53 /* CharacterGameViewModel.swift in Sources */ = {isa = PBXBuildFile; fileRef = 48C5F8F828F36FC70013EF53 /* CharacterGameViewModel.swift */; };
		48C5F8FB28F3FD130013EF53 /* StringExtension.swift in Sources */ = {isa = PBXBuildFile; fileRef = 48C5F8FA28F3FD130013EF53 /* StringExtension.swift */; };
		48C5F8FE28F3FE4C0013EF53 /* CharacterView.swift in Sources */ = {isa = PBXBuildFile; fileRef = 48C5F8FD28F3FE4C0013EF53 /* CharacterView.swift */; };
		75E37975E14827B9FE0DD57D /* Pods_SingKingTests.framework in Frameworks */ = {isa = PBXBuildFile; fileRef = 5B326575BDD894D606A3C152 /* Pods_SingKingTests.framework */; };
		894CEC6D372D5A6B5A085206 /* Pods_SingKing_SingKingUITests.framework in Frameworks */ = {isa = PBXBuildFile; fileRef = E4BA0379D0C6706EEF03C99A /* Pods_SingKing_SingKingUITests.framework */; };
/* End PBXBuildFile section */

/* Begin PBXContainerItemProxy section */
		48C5F8BA28F315CF0013EF53 /* PBXContainerItemProxy */ = {
			isa = PBXContainerItemProxy;
			containerPortal = 48C5F8A128F315CC0013EF53 /* Project object */;
			proxyType = 1;
			remoteGlobalIDString = 48C5F8A828F315CC0013EF53;
			remoteInfo = SingKing;
		};
		48C5F8C428F315CF0013EF53 /* PBXContainerItemProxy */ = {
			isa = PBXContainerItemProxy;
			containerPortal = 48C5F8A128F315CC0013EF53 /* Project object */;
			proxyType = 1;
			remoteGlobalIDString = 48C5F8A828F315CC0013EF53;
			remoteInfo = SingKing;
		};
/* End PBXContainerItemProxy section */

/* Begin PBXFileReference section */
		48C5F8A928F315CC0013EF53 /* SingKing.app */ = {isa = PBXFileReference; explicitFileType = wrapper.application; includeInIndex = 0; path = SingKing.app; sourceTree = BUILT_PRODUCTS_DIR; };
		48C5F8AC28F315CC0013EF53 /* SingKingApp.swift */ = {isa = PBXFileReference; lastKnownFileType = sourcecode.swift; path = SingKingApp.swift; sourceTree = "<group>"; };
		48C5F8AE28F315CC0013EF53 /* ContentView.swift */ = {isa = PBXFileReference; lastKnownFileType = sourcecode.swift; path = ContentView.swift; sourceTree = "<group>"; };
		48C5F8B028F315CF0013EF53 /* Assets.xcassets */ = {isa = PBXFileReference; lastKnownFileType = folder.assetcatalog; path = Assets.xcassets; sourceTree = "<group>"; };
		48C5F8B328F315CF0013EF53 /* Preview Assets.xcassets */ = {isa = PBXFileReference; lastKnownFileType = folder.assetcatalog; path = "Preview Assets.xcassets"; sourceTree = "<group>"; };
		48C5F8B928F315CF0013EF53 /* SingKingTests.xctest */ = {isa = PBXFileReference; explicitFileType = wrapper.cfbundle; includeInIndex = 0; path = SingKingTests.xctest; sourceTree = BUILT_PRODUCTS_DIR; };
		48C5F8BD28F315CF0013EF53 /* SingKingTests.swift */ = {isa = PBXFileReference; lastKnownFileType = sourcecode.swift; path = SingKingTests.swift; sourceTree = "<group>"; };
		48C5F8C328F315CF0013EF53 /* SingKingUITests.xctest */ = {isa = PBXFileReference; explicitFileType = wrapper.cfbundle; includeInIndex = 0; path = SingKingUITests.xctest; sourceTree = BUILT_PRODUCTS_DIR; };
		48C5F8C728F315CF0013EF53 /* SingKingUITests.swift */ = {isa = PBXFileReference; lastKnownFileType = sourcecode.swift; path = SingKingUITests.swift; sourceTree = "<group>"; };
		48C5F8C928F315CF0013EF53 /* SingKingUITestsLaunchTests.swift */ = {isa = PBXFileReference; lastKnownFileType = sourcecode.swift; path = SingKingUITestsLaunchTests.swift; sourceTree = "<group>"; };
		48C5F8D628F319C90013EF53 /* LaunchScreen.storyboard */ = {isa = PBXFileReference; lastKnownFileType = file.storyboard; path = LaunchScreen.storyboard; sourceTree = "<group>"; };
		48C5F8D828F320550013EF53 /* Localizable.strings */ = {isa = PBXFileReference; lastKnownFileType = text.plist.strings; path = Localizable.strings; sourceTree = "<group>"; };
		48C5F8DE28F320C50013EF53 /* Colors.xcassets */ = {isa = PBXFileReference; lastKnownFileType = folder.assetcatalog; path = Colors.xcassets; sourceTree = "<group>"; };
		48C5F8E128F320F70013EF53 /* API.swift */ = {isa = PBXFileReference; lastKnownFileType = sourcecode.swift; path = API.swift; sourceTree = "<group>"; };
		48C5F8E328F321020013EF53 /* AppString.swift */ = {isa = PBXFileReference; lastKnownFileType = sourcecode.swift; path = AppString.swift; sourceTree = "<group>"; };
		48C5F8E528F3210B0013EF53 /* AppColor.swift */ = {isa = PBXFileReference; lastKnownFileType = sourcecode.swift; path = AppColor.swift; sourceTree = "<group>"; };
		48C5F8E728F321130013EF53 /* AppImage.swift */ = {isa = PBXFileReference; lastKnownFileType = sourcecode.swift; path = AppImage.swift; sourceTree = "<group>"; };
		48C5F8EA28F3213C0013EF53 /* APIManager.swift */ = {isa = PBXFileReference; lastKnownFileType = sourcecode.swift; path = APIManager.swift; sourceTree = "<group>"; };
		48C5F8EC28F3217B0013EF53 /* README.md */ = {isa = PBXFileReference; fileEncoding = 4; lastKnownFileType = net.daringfireball.markdown; path = README.md; sourceTree = SOURCE_ROOT; };
		48C5F8EE28F325B00013EF53 /* CharactersView.swift */ = {isa = PBXFileReference; lastKnownFileType = sourcecode.swift; path = CharactersView.swift; sourceTree = "<group>"; };
		48C5F8F028F326280013EF53 /* Character.swift */ = {isa = PBXFileReference; lastKnownFileType = sourcecode.swift; path = Character.swift; sourceTree = "<group>"; };
		48C5F8F228F327B60013EF53 /* CharactersViewModel.swift */ = {isa = PBXFileReference; lastKnownFileType = sourcecode.swift; path = CharactersViewModel.swift; sourceTree = "<group>"; };
		48C5F8F428F32C9D0013EF53 /* WebImageExtension.swift */ = {isa = PBXFileReference; lastKnownFileType = sourcecode.swift; path = WebImageExtension.swift; sourceTree = "<group>"; };
		48C5F8F628F36F910013EF53 /* CharacterGameView.swift */ = {isa = PBXFileReference; lastKnownFileType = sourcecode.swift; path = CharacterGameView.swift; sourceTree = "<group>"; };
		48C5F8F828F36FC70013EF53 /* CharacterGameViewModel.swift */ = {isa = PBXFileReference; lastKnownFileType = sourcecode.swift; path = CharacterGameViewModel.swift; sourceTree = "<group>"; };
		48C5F8FA28F3FD130013EF53 /* StringExtension.swift */ = {isa = PBXFileReference; lastKnownFileType = sourcecode.swift; path = StringExtension.swift; sourceTree = "<group>"; };
		48C5F8FD28F3FE4C0013EF53 /* CharacterView.swift */ = {isa = PBXFileReference; lastKnownFileType = sourcecode.swift; path = CharacterView.swift; sourceTree = "<group>"; };
		48C5F90B28F411CC0013EF53 /* 2.png */ = {isa = PBXFileReference; lastKnownFileType = image.png; path = 2.png; sourceTree = "<group>"; };
		48C5F90C28F411CC0013EF53 /* 1.png */ = {isa = PBXFileReference; lastKnownFileType = image.png; path = 1.png; sourceTree = "<group>"; };
		5B326575BDD894D606A3C152 /* Pods_SingKingTests.framework */ = {isa = PBXFileReference; explicitFileType = wrapper.framework; includeInIndex = 0; path = Pods_SingKingTests.framework; sourceTree = BUILT_PRODUCTS_DIR; };
		5F3CDB31AA5D0AE7207F4453 /* Pods-SingKingTests.release.xcconfig */ = {isa = PBXFileReference; includeInIndex = 1; lastKnownFileType = text.xcconfig; name = "Pods-SingKingTests.release.xcconfig"; path = "Target Support Files/Pods-SingKingTests/Pods-SingKingTests.release.xcconfig"; sourceTree = "<group>"; };
		6DBD93D24575D9D3894AA9DF /* Pods-SingKing.release.xcconfig */ = {isa = PBXFileReference; includeInIndex = 1; lastKnownFileType = text.xcconfig; name = "Pods-SingKing.release.xcconfig"; path = "Target Support Files/Pods-SingKing/Pods-SingKing.release.xcconfig"; sourceTree = "<group>"; };
		740B9AF34EBD3DF667C03D2C /* Pods-SingKing-SingKingUITests.release.xcconfig */ = {isa = PBXFileReference; includeInIndex = 1; lastKnownFileType = text.xcconfig; name = "Pods-SingKing-SingKingUITests.release.xcconfig"; path = "Target Support Files/Pods-SingKing-SingKingUITests/Pods-SingKing-SingKingUITests.release.xcconfig"; sourceTree = "<group>"; };
		993762005F4FA3B5BE4D5DCF /* Pods-SingKing-SingKingUITests.debug.xcconfig */ = {isa = PBXFileReference; includeInIndex = 1; lastKnownFileType = text.xcconfig; name = "Pods-SingKing-SingKingUITests.debug.xcconfig"; path = "Target Support Files/Pods-SingKing-SingKingUITests/Pods-SingKing-SingKingUITests.debug.xcconfig"; sourceTree = "<group>"; };
		9AAA77E39A8B8BB176A59C56 /* Pods-SingKing.debug.xcconfig */ = {isa = PBXFileReference; includeInIndex = 1; lastKnownFileType = text.xcconfig; name = "Pods-SingKing.debug.xcconfig"; path = "Target Support Files/Pods-SingKing/Pods-SingKing.debug.xcconfig"; sourceTree = "<group>"; };
		A6BC368DC6DD1EFB52C8670E /* Pods-SingKingTests.debug.xcconfig */ = {isa = PBXFileReference; includeInIndex = 1; lastKnownFileType = text.xcconfig; name = "Pods-SingKingTests.debug.xcconfig"; path = "Target Support Files/Pods-SingKingTests/Pods-SingKingTests.debug.xcconfig"; sourceTree = "<group>"; };
		E4BA0379D0C6706EEF03C99A /* Pods_SingKing_SingKingUITests.framework */ = {isa = PBXFileReference; explicitFileType = wrapper.framework; includeInIndex = 0; path = Pods_SingKing_SingKingUITests.framework; sourceTree = BUILT_PRODUCTS_DIR; };
		FFFF982777A1E322600F5B38 /* Pods_SingKing.framework */ = {isa = PBXFileReference; explicitFileType = wrapper.framework; includeInIndex = 0; path = Pods_SingKing.framework; sourceTree = BUILT_PRODUCTS_DIR; };
/* End PBXFileReference section */

/* Begin PBXFrameworksBuildPhase section */
		48C5F8A628F315CC0013EF53 /* Frameworks */ = {
			isa = PBXFrameworksBuildPhase;
			buildActionMask = 2147483647;
			files = (
				30873FF0C6B23402067C1D9B /* Pods_SingKing.framework in Frameworks */,
			);
			runOnlyForDeploymentPostprocessing = 0;
		};
		48C5F8B628F315CF0013EF53 /* Frameworks */ = {
			isa = PBXFrameworksBuildPhase;
			buildActionMask = 2147483647;
			files = (
				75E37975E14827B9FE0DD57D /* Pods_SingKingTests.framework in Frameworks */,
			);
			runOnlyForDeploymentPostprocessing = 0;
		};
		48C5F8C028F315CF0013EF53 /* Frameworks */ = {
			isa = PBXFrameworksBuildPhase;
			buildActionMask = 2147483647;
			files = (
				894CEC6D372D5A6B5A085206 /* Pods_SingKing_SingKingUITests.framework in Frameworks */,
			);
			runOnlyForDeploymentPostprocessing = 0;
		};
/* End PBXFrameworksBuildPhase section */

/* Begin PBXGroup section */
		4585C54DC92D38A8996E661B /* Pods */ = {
			isa = PBXGroup;
			children = (
				9AAA77E39A8B8BB176A59C56 /* Pods-SingKing.debug.xcconfig */,
				6DBD93D24575D9D3894AA9DF /* Pods-SingKing.release.xcconfig */,
				993762005F4FA3B5BE4D5DCF /* Pods-SingKing-SingKingUITests.debug.xcconfig */,
				740B9AF34EBD3DF667C03D2C /* Pods-SingKing-SingKingUITests.release.xcconfig */,
				A6BC368DC6DD1EFB52C8670E /* Pods-SingKingTests.debug.xcconfig */,
				5F3CDB31AA5D0AE7207F4453 /* Pods-SingKingTests.release.xcconfig */,
			);
			path = Pods;
			sourceTree = "<group>";
		};
		48C5F8A028F315CC0013EF53 = {
			isa = PBXGroup;
			children = (
				48C5F90A28F411C80013EF53 /* Screenshots */,
				48C5F8AB28F315CC0013EF53 /* SingKing */,
				48C5F8BC28F315CF0013EF53 /* SingKingTests */,
				48C5F8C628F315CF0013EF53 /* SingKingUITests */,
				48C5F8EC28F3217B0013EF53 /* README.md */,
				48C5F8AA28F315CC0013EF53 /* Products */,
				4585C54DC92D38A8996E661B /* Pods */,
				F0B2FDDF71920122AAC44A03 /* Frameworks */,
			);
			sourceTree = "<group>";
		};
		48C5F8AA28F315CC0013EF53 /* Products */ = {
			isa = PBXGroup;
			children = (
				48C5F8A928F315CC0013EF53 /* SingKing.app */,
				48C5F8B928F315CF0013EF53 /* SingKingTests.xctest */,
				48C5F8C328F315CF0013EF53 /* SingKingUITests.xctest */,
			);
			name = Products;
			sourceTree = "<group>";
		};
		48C5F8AB28F315CC0013EF53 /* SingKing */ = {
			isa = PBXGroup;
			children = (
				48C5F8DA28F3207D0013EF53 /* Models */,
				48C5F8DB28F320850013EF53 /* ViewModels */,
				48C5F8DC28F3208F0013EF53 /* Views */,
				48C5F8DD28F320980013EF53 /* Helpers */,
				48C5F8AC28F315CC0013EF53 /* SingKingApp.swift */,
				48C5F8AE28F315CC0013EF53 /* ContentView.swift */,
				48C5F8B028F315CF0013EF53 /* Assets.xcassets */,
				48C5F8DE28F320C50013EF53 /* Colors.xcassets */,
				48C5F8D828F320550013EF53 /* Localizable.strings */,
				48C5F8D628F319C90013EF53 /* LaunchScreen.storyboard */,
				48C5F8B228F315CF0013EF53 /* Preview Content */,
			);
			path = SingKing;
			sourceTree = "<group>";
		};
		48C5F8B228F315CF0013EF53 /* Preview Content */ = {
			isa = PBXGroup;
			children = (
				48C5F8B328F315CF0013EF53 /* Preview Assets.xcassets */,
			);
			path = "Preview Content";
			sourceTree = "<group>";
		};
		48C5F8BC28F315CF0013EF53 /* SingKingTests */ = {
			isa = PBXGroup;
			children = (
				48C5F8BD28F315CF0013EF53 /* SingKingTests.swift */,
			);
			path = SingKingTests;
			sourceTree = "<group>";
		};
		48C5F8C628F315CF0013EF53 /* SingKingUITests */ = {
			isa = PBXGroup;
			children = (
				48C5F8C728F315CF0013EF53 /* SingKingUITests.swift */,
				48C5F8C928F315CF0013EF53 /* SingKingUITestsLaunchTests.swift */,
			);
			path = SingKingUITests;
			sourceTree = "<group>";
		};
		48C5F8DA28F3207D0013EF53 /* Models */ = {
			isa = PBXGroup;
			children = (
				48C5F8F028F326280013EF53 /* Character.swift */,
			);
			path = Models;
			sourceTree = "<group>";
		};
		48C5F8DB28F320850013EF53 /* ViewModels */ = {
			isa = PBXGroup;
			children = (
				48C5F8F228F327B60013EF53 /* CharactersViewModel.swift */,
				48C5F8F828F36FC70013EF53 /* CharacterGameViewModel.swift */,
			);
			path = ViewModels;
			sourceTree = "<group>";
		};
		48C5F8DC28F3208F0013EF53 /* Views */ = {
			isa = PBXGroup;
			children = (
				48C5F8FC28F3FE0C0013EF53 /* Characters */,
				48C5F8F628F36F910013EF53 /* CharacterGameView.swift */,
			);
			path = Views;
			sourceTree = "<group>";
		};
		48C5F8DD28F320980013EF53 /* Helpers */ = {
			isa = PBXGroup;
			children = (
				48C5F8E028F320E60013EF53 /* Constants */,
				48C5F8E928F3211E0013EF53 /* Extensiones */,
				48C5F8EA28F3213C0013EF53 /* APIManager.swift */,
			);
			path = Helpers;
			sourceTree = "<group>";
		};
		48C5F8E028F320E60013EF53 /* Constants */ = {
			isa = PBXGroup;
			children = (
				48C5F8E128F320F70013EF53 /* API.swift */,
				48C5F8E328F321020013EF53 /* AppString.swift */,
				48C5F8E528F3210B0013EF53 /* AppColor.swift */,
				48C5F8E728F321130013EF53 /* AppImage.swift */,
			);
			path = Constants;
			sourceTree = "<group>";
		};
		48C5F8E928F3211E0013EF53 /* Extensiones */ = {
			isa = PBXGroup;
			children = (
				48C5F8FA28F3FD130013EF53 /* StringExtension.swift */,
				48C5F8F428F32C9D0013EF53 /* WebImageExtension.swift */,
			);
			path = Extensiones;
			sourceTree = "<group>";
		};
		48C5F8FC28F3FE0C0013EF53 /* Characters */ = {
			isa = PBXGroup;
			children = (
				48C5F8FD28F3FE4C0013EF53 /* CharacterView.swift */,
				48C5F8EE28F325B00013EF53 /* CharactersView.swift */,
			);
			path = Characters;
			sourceTree = "<group>";
		};
		48C5F90A28F411C80013EF53 /* Screenshots */ = {
			isa = PBXGroup;
			children = (
				48C5F90C28F411CC0013EF53 /* 1.png */,
				48C5F90B28F411CC0013EF53 /* 2.png */,
			);
			path = Screenshots;
			sourceTree = "<group>";
		};
		F0B2FDDF71920122AAC44A03 /* Frameworks */ = {
			isa = PBXGroup;
			children = (
				FFFF982777A1E322600F5B38 /* Pods_SingKing.framework */,
				E4BA0379D0C6706EEF03C99A /* Pods_SingKing_SingKingUITests.framework */,
				5B326575BDD894D606A3C152 /* Pods_SingKingTests.framework */,
			);
			name = Frameworks;
			sourceTree = "<group>";
		};
/* End PBXGroup section */

/* Begin PBXNativeTarget section */
		48C5F8A828F315CC0013EF53 /* SingKing */ = {
			isa = PBXNativeTarget;
			buildConfigurationList = 48C5F8CD28F315CF0013EF53 /* Build configuration list for PBXNativeTarget "SingKing" */;
			buildPhases = (
				36D94341AEF3E4FFE781C90C /* [CP] Check Pods Manifest.lock */,
				48C5F8A528F315CC0013EF53 /* Sources */,
				48C5F8A628F315CC0013EF53 /* Frameworks */,
				48C5F8A728F315CC0013EF53 /* Resources */,
				807199708A30E160A78CA93F /* [CP] Embed Pods Frameworks */,
			);
			buildRules = (
			);
			dependencies = (
			);
			name = SingKing;
			productName = SingKing;
			productReference = 48C5F8A928F315CC0013EF53 /* SingKing.app */;
			productType = "com.apple.product-type.application";
		};
		48C5F8B828F315CF0013EF53 /* SingKingTests */ = {
			isa = PBXNativeTarget;
			buildConfigurationList = 48C5F8D028F315CF0013EF53 /* Build configuration list for PBXNativeTarget "SingKingTests" */;
			buildPhases = (
				2BEEEDF09AA8F94F198755AD /* [CP] Check Pods Manifest.lock */,
				48C5F8B528F315CF0013EF53 /* Sources */,
				48C5F8B628F315CF0013EF53 /* Frameworks */,
				48C5F8B728F315CF0013EF53 /* Resources */,
			);
			buildRules = (
			);
			dependencies = (
				48C5F8BB28F315CF0013EF53 /* PBXTargetDependency */,
			);
			name = SingKingTests;
			productName = SingKingTests;
			productReference = 48C5F8B928F315CF0013EF53 /* SingKingTests.xctest */;
			productType = "com.apple.product-type.bundle.unit-test";
		};
		48C5F8C228F315CF0013EF53 /* SingKingUITests */ = {
			isa = PBXNativeTarget;
			buildConfigurationList = 48C5F8D328F315CF0013EF53 /* Build configuration list for PBXNativeTarget "SingKingUITests" */;
			buildPhases = (
				E8D514CB8CC3A7C25142750B /* [CP] Check Pods Manifest.lock */,
				48C5F8BF28F315CF0013EF53 /* Sources */,
				48C5F8C028F315CF0013EF53 /* Frameworks */,
				48C5F8C128F315CF0013EF53 /* Resources */,
				1E6676C527B8CD693D45FF62 /* [CP] Embed Pods Frameworks */,
			);
			buildRules = (
			);
			dependencies = (
				48C5F8C528F315CF0013EF53 /* PBXTargetDependency */,
			);
			name = SingKingUITests;
			productName = SingKingUITests;
			productReference = 48C5F8C328F315CF0013EF53 /* SingKingUITests.xctest */;
			productType = "com.apple.product-type.bundle.ui-testing";
		};
/* End PBXNativeTarget section */

/* Begin PBXProject section */
		48C5F8A128F315CC0013EF53 /* Project object */ = {
			isa = PBXProject;
			attributes = {
				BuildIndependentTargetsInParallel = 1;
				LastSwiftUpdateCheck = 1400;
				LastUpgradeCheck = 1400;
				TargetAttributes = {
					48C5F8A828F315CC0013EF53 = {
						CreatedOnToolsVersion = 14.0.1;
					};
					48C5F8B828F315CF0013EF53 = {
						CreatedOnToolsVersion = 14.0.1;
						TestTargetID = 48C5F8A828F315CC0013EF53;
					};
					48C5F8C228F315CF0013EF53 = {
						CreatedOnToolsVersion = 14.0.1;
						TestTargetID = 48C5F8A828F315CC0013EF53;
					};
				};
			};
			buildConfigurationList = 48C5F8A428F315CC0013EF53 /* Build configuration list for PBXProject "SingKing" */;
			compatibilityVersion = "Xcode 14.0";
			developmentRegion = en;
			hasScannedForEncodings = 0;
			knownRegions = (
				en,
				Base,
			);
			mainGroup = 48C5F8A028F315CC0013EF53;
			productRefGroup = 48C5F8AA28F315CC0013EF53 /* Products */;
			projectDirPath = "";
			projectRoot = "";
			targets = (
				48C5F8A828F315CC0013EF53 /* SingKing */,
				48C5F8B828F315CF0013EF53 /* SingKingTests */,
				48C5F8C228F315CF0013EF53 /* SingKingUITests */,
			);
		};
/* End PBXProject section */

/* Begin PBXResourcesBuildPhase section */
		48C5F8A728F315CC0013EF53 /* Resources */ = {
			isa = PBXResourcesBuildPhase;
			buildActionMask = 2147483647;
			files = (
				48C5F8ED28F3217B0013EF53 /* README.md in Resources */,
				48C5F8DF28F320C50013EF53 /* Colors.xcassets in Resources */,
				48C5F8D728F319C90013EF53 /* LaunchScreen.storyboard in Resources */,
				48C5F8D928F320550013EF53 /* Localizable.strings in Resources */,
				48C5F8B428F315CF0013EF53 /* Preview Assets.xcassets in Resources */,
				48C5F8B128F315CF0013EF53 /* Assets.xcassets in Resources */,
			);
			runOnlyForDeploymentPostprocessing = 0;
		};
		48C5F8B728F315CF0013EF53 /* Resources */ = {
			isa = PBXResourcesBuildPhase;
			buildActionMask = 2147483647;
			files = (
			);
			runOnlyForDeploymentPostprocessing = 0;
		};
		48C5F8C128F315CF0013EF53 /* Resources */ = {
			isa = PBXResourcesBuildPhase;
			buildActionMask = 2147483647;
			files = (
			);
			runOnlyForDeploymentPostprocessing = 0;
		};
/* End PBXResourcesBuildPhase section */

/* Begin PBXShellScriptBuildPhase section */
		1E6676C527B8CD693D45FF62 /* [CP] Embed Pods Frameworks */ = {
			isa = PBXShellScriptBuildPhase;
			buildActionMask = 2147483647;
			files = (
			);
			inputFileListPaths = (
				"${PODS_ROOT}/Target Support Files/Pods-SingKing-SingKingUITests/Pods-SingKing-SingKingUITests-frameworks-${CONFIGURATION}-input-files.xcfilelist",
			);
			name = "[CP] Embed Pods Frameworks";
			outputFileListPaths = (
				"${PODS_ROOT}/Target Support Files/Pods-SingKing-SingKingUITests/Pods-SingKing-SingKingUITests-frameworks-${CONFIGURATION}-output-files.xcfilelist",
			);
			runOnlyForDeploymentPostprocessing = 0;
			shellPath = /bin/sh;
			shellScript = "\"${PODS_ROOT}/Target Support Files/Pods-SingKing-SingKingUITests/Pods-SingKing-SingKingUITests-frameworks.sh\"\n";
			showEnvVarsInLog = 0;
		};
		2BEEEDF09AA8F94F198755AD /* [CP] Check Pods Manifest.lock */ = {
			isa = PBXShellScriptBuildPhase;
			buildActionMask = 2147483647;
			files = (
			);
			inputFileListPaths = (
			);
			inputPaths = (
				"${PODS_PODFILE_DIR_PATH}/Podfile.lock",
				"${PODS_ROOT}/Manifest.lock",
			);
			name = "[CP] Check Pods Manifest.lock";
			outputFileListPaths = (
			);
			outputPaths = (
				"$(DERIVED_FILE_DIR)/Pods-SingKingTests-checkManifestLockResult.txt",
			);
			runOnlyForDeploymentPostprocessing = 0;
			shellPath = /bin/sh;
			shellScript = "diff \"${PODS_PODFILE_DIR_PATH}/Podfile.lock\" \"${PODS_ROOT}/Manifest.lock\" > /dev/null\nif [ $? != 0 ] ; then\n    # print error to STDERR\n    echo \"error: The sandbox is not in sync with the Podfile.lock. Run 'pod install' or update your CocoaPods installation.\" >&2\n    exit 1\nfi\n# This output is used by Xcode 'outputs' to avoid re-running this script phase.\necho \"SUCCESS\" > \"${SCRIPT_OUTPUT_FILE_0}\"\n";
			showEnvVarsInLog = 0;
		};
		36D94341AEF3E4FFE781C90C /* [CP] Check Pods Manifest.lock */ = {
			isa = PBXShellScriptBuildPhase;
			buildActionMask = 2147483647;
			files = (
			);
			inputFileListPaths = (
			);
			inputPaths = (
				"${PODS_PODFILE_DIR_PATH}/Podfile.lock",
				"${PODS_ROOT}/Manifest.lock",
			);
			name = "[CP] Check Pods Manifest.lock";
			outputFileListPaths = (
			);
			outputPaths = (
				"$(DERIVED_FILE_DIR)/Pods-SingKing-checkManifestLockResult.txt",
			);
			runOnlyForDeploymentPostprocessing = 0;
			shellPath = /bin/sh;
			shellScript = "diff \"${PODS_PODFILE_DIR_PATH}/Podfile.lock\" \"${PODS_ROOT}/Manifest.lock\" > /dev/null\nif [ $? != 0 ] ; then\n    # print error to STDERR\n    echo \"error: The sandbox is not in sync with the Podfile.lock. Run 'pod install' or update your CocoaPods installation.\" >&2\n    exit 1\nfi\n# This output is used by Xcode 'outputs' to avoid re-running this script phase.\necho \"SUCCESS\" > \"${SCRIPT_OUTPUT_FILE_0}\"\n";
			showEnvVarsInLog = 0;
		};
		807199708A30E160A78CA93F /* [CP] Embed Pods Frameworks */ = {
			isa = PBXShellScriptBuildPhase;
			buildActionMask = 2147483647;
			files = (
			);
			inputFileListPaths = (
				"${PODS_ROOT}/Target Support Files/Pods-SingKing/Pods-SingKing-frameworks-${CONFIGURATION}-input-files.xcfilelist",
			);
			name = "[CP] Embed Pods Frameworks";
			outputFileListPaths = (
				"${PODS_ROOT}/Target Support Files/Pods-SingKing/Pods-SingKing-frameworks-${CONFIGURATION}-output-files.xcfilelist",
			);
			runOnlyForDeploymentPostprocessing = 0;
			shellPath = /bin/sh;
			shellScript = "\"${PODS_ROOT}/Target Support Files/Pods-SingKing/Pods-SingKing-frameworks.sh\"\n";
			showEnvVarsInLog = 0;
		};
		E8D514CB8CC3A7C25142750B /* [CP] Check Pods Manifest.lock */ = {
			isa = PBXShellScriptBuildPhase;
			buildActionMask = 2147483647;
			files = (
			);
			inputFileListPaths = (
			);
			inputPaths = (
				"${PODS_PODFILE_DIR_PATH}/Podfile.lock",
				"${PODS_ROOT}/Manifest.lock",
			);
			name = "[CP] Check Pods Manifest.lock";
			outputFileListPaths = (
			);
			outputPaths = (
				"$(DERIVED_FILE_DIR)/Pods-SingKing-SingKingUITests-checkManifestLockResult.txt",
			);
			runOnlyForDeploymentPostprocessing = 0;
			shellPath = /bin/sh;
			shellScript = "diff \"${PODS_PODFILE_DIR_PATH}/Podfile.lock\" \"${PODS_ROOT}/Manifest.lock\" > /dev/null\nif [ $? != 0 ] ; then\n    # print error to STDERR\n    echo \"error: The sandbox is not in sync with the Podfile.lock. Run 'pod install' or update your CocoaPods installation.\" >&2\n    exit 1\nfi\n# This output is used by Xcode 'outputs' to avoid re-running this script phase.\necho \"SUCCESS\" > \"${SCRIPT_OUTPUT_FILE_0}\"\n";
			showEnvVarsInLog = 0;
		};
/* End PBXShellScriptBuildPhase section */

/* Begin PBXSourcesBuildPhase section */
		48C5F8A528F315CC0013EF53 /* Sources */ = {
			isa = PBXSourcesBuildPhase;
			buildActionMask = 2147483647;
			files = (
				48C5F8F128F326280013EF53 /* Character.swift in Sources */,
				48C5F8F728F36F910013EF53 /* CharacterGameView.swift in Sources */,
				48C5F8AF28F315CC0013EF53 /* ContentView.swift in Sources */,
				48C5F8E628F3210B0013EF53 /* AppColor.swift in Sources */,
				48C5F8EF28F325B00013EF53 /* CharactersView.swift in Sources */,
				48C5F8E228F320F70013EF53 /* API.swift in Sources */,
				48C5F8F928F36FC70013EF53 /* CharacterGameViewModel.swift in Sources */,
				48C5F8F328F327B60013EF53 /* CharactersViewModel.swift in Sources */,
				48C5F8E428F321020013EF53 /* AppString.swift in Sources */,
				48C5F8FB28F3FD130013EF53 /* StringExtension.swift in Sources */,
				48C5F8FE28F3FE4C0013EF53 /* CharacterView.swift in Sources */,
				48C5F8AD28F315CC0013EF53 /* SingKingApp.swift in Sources */,
				48C5F8E828F321130013EF53 /* AppImage.swift in Sources */,
				48C5F8F528F32C9D0013EF53 /* WebImageExtension.swift in Sources */,
				48C5F8EB28F3213C0013EF53 /* APIManager.swift in Sources */,
			);
			runOnlyForDeploymentPostprocessing = 0;
		};
		48C5F8B528F315CF0013EF53 /* Sources */ = {
			isa = PBXSourcesBuildPhase;
			buildActionMask = 2147483647;
			files = (
				48C5F8BE28F315CF0013EF53 /* SingKingTests.swift in Sources */,
			);
			runOnlyForDeploymentPostprocessing = 0;
		};
		48C5F8BF28F315CF0013EF53 /* Sources */ = {
			isa = PBXSourcesBuildPhase;
			buildActionMask = 2147483647;
			files = (
				48C5F8CA28F315CF0013EF53 /* SingKingUITestsLaunchTests.swift in Sources */,
				48C5F8C828F315CF0013EF53 /* SingKingUITests.swift in Sources */,
			);
			runOnlyForDeploymentPostprocessing = 0;
		};
/* End PBXSourcesBuildPhase section */

/* Begin PBXTargetDependency section */
		48C5F8BB28F315CF0013EF53 /* PBXTargetDependency */ = {
			isa = PBXTargetDependency;
			target = 48C5F8A828F315CC0013EF53 /* SingKing */;
			targetProxy = 48C5F8BA28F315CF0013EF53 /* PBXContainerItemProxy */;
		};
		48C5F8C528F315CF0013EF53 /* PBXTargetDependency */ = {
			isa = PBXTargetDependency;
			target = 48C5F8A828F315CC0013EF53 /* SingKing */;
			targetProxy = 48C5F8C428F315CF0013EF53 /* PBXContainerItemProxy */;
		};
/* End PBXTargetDependency section */

/* Begin XCBuildConfiguration section */
		48C5F8CB28F315CF0013EF53 /* Debug */ = {
			isa = XCBuildConfiguration;
			buildSettings = {
				ALWAYS_SEARCH_USER_PATHS = NO;
				CLANG_ANALYZER_NONNULL = YES;
				CLANG_ANALYZER_NUMBER_OBJECT_CONVERSION = YES_AGGRESSIVE;
				CLANG_CXX_LANGUAGE_STANDARD = "gnu++20";
				CLANG_ENABLE_MODULES = YES;
				CLANG_ENABLE_OBJC_ARC = YES;
				CLANG_ENABLE_OBJC_WEAK = YES;
				CLANG_WARN_BLOCK_CAPTURE_AUTORELEASING = YES;
				CLANG_WARN_BOOL_CONVERSION = YES;
				CLANG_WARN_COMMA = YES;
				CLANG_WARN_CONSTANT_CONVERSION = YES;
				CLANG_WARN_DEPRECATED_OBJC_IMPLEMENTATIONS = YES;
				CLANG_WARN_DIRECT_OBJC_ISA_USAGE = YES_ERROR;
				CLANG_WARN_DOCUMENTATION_COMMENTS = YES;
				CLANG_WARN_EMPTY_BODY = YES;
				CLANG_WARN_ENUM_CONVERSION = YES;
				CLANG_WARN_INFINITE_RECURSION = YES;
				CLANG_WARN_INT_CONVERSION = YES;
				CLANG_WARN_NON_LITERAL_NULL_CONVERSION = YES;
				CLANG_WARN_OBJC_IMPLICIT_RETAIN_SELF = YES;
				CLANG_WARN_OBJC_LITERAL_CONVERSION = YES;
				CLANG_WARN_OBJC_ROOT_CLASS = YES_ERROR;
				CLANG_WARN_QUOTED_INCLUDE_IN_FRAMEWORK_HEADER = YES;
				CLANG_WARN_RANGE_LOOP_ANALYSIS = YES;
				CLANG_WARN_STRICT_PROTOTYPES = YES;
				CLANG_WARN_SUSPICIOUS_MOVE = YES;
				CLANG_WARN_UNGUARDED_AVAILABILITY = YES_AGGRESSIVE;
				CLANG_WARN_UNREACHABLE_CODE = YES;
				CLANG_WARN__DUPLICATE_METHOD_MATCH = YES;
				COPY_PHASE_STRIP = NO;
				DEBUG_INFORMATION_FORMAT = dwarf;
				ENABLE_STRICT_OBJC_MSGSEND = YES;
				ENABLE_TESTABILITY = YES;
				GCC_C_LANGUAGE_STANDARD = gnu11;
				GCC_DYNAMIC_NO_PIC = NO;
				GCC_NO_COMMON_BLOCKS = YES;
				GCC_OPTIMIZATION_LEVEL = 0;
				GCC_PREPROCESSOR_DEFINITIONS = (
					"DEBUG=1",
					"$(inherited)",
				);
				GCC_WARN_64_TO_32_BIT_CONVERSION = YES;
				GCC_WARN_ABOUT_RETURN_TYPE = YES_ERROR;
				GCC_WARN_UNDECLARED_SELECTOR = YES;
				GCC_WARN_UNINITIALIZED_AUTOS = YES_AGGRESSIVE;
				GCC_WARN_UNUSED_FUNCTION = YES;
				GCC_WARN_UNUSED_VARIABLE = YES;
				IPHONEOS_DEPLOYMENT_TARGET = 16.0;
				MTL_ENABLE_DEBUG_INFO = INCLUDE_SOURCE;
				MTL_FAST_MATH = YES;
				ONLY_ACTIVE_ARCH = YES;
				SDKROOT = iphoneos;
				SWIFT_ACTIVE_COMPILATION_CONDITIONS = DEBUG;
				SWIFT_OPTIMIZATION_LEVEL = "-Onone";
			};
			name = Debug;
		};
		48C5F8CC28F315CF0013EF53 /* Release */ = {
			isa = XCBuildConfiguration;
			buildSettings = {
				ALWAYS_SEARCH_USER_PATHS = NO;
				CLANG_ANALYZER_NONNULL = YES;
				CLANG_ANALYZER_NUMBER_OBJECT_CONVERSION = YES_AGGRESSIVE;
				CLANG_CXX_LANGUAGE_STANDARD = "gnu++20";
				CLANG_ENABLE_MODULES = YES;
				CLANG_ENABLE_OBJC_ARC = YES;
				CLANG_ENABLE_OBJC_WEAK = YES;
				CLANG_WARN_BLOCK_CAPTURE_AUTORELEASING = YES;
				CLANG_WARN_BOOL_CONVERSION = YES;
				CLANG_WARN_COMMA = YES;
				CLANG_WARN_CONSTANT_CONVERSION = YES;
				CLANG_WARN_DEPRECATED_OBJC_IMPLEMENTATIONS = YES;
				CLANG_WARN_DIRECT_OBJC_ISA_USAGE = YES_ERROR;
				CLANG_WARN_DOCUMENTATION_COMMENTS = YES;
				CLANG_WARN_EMPTY_BODY = YES;
				CLANG_WARN_ENUM_CONVERSION = YES;
				CLANG_WARN_INFINITE_RECURSION = YES;
				CLANG_WARN_INT_CONVERSION = YES;
				CLANG_WARN_NON_LITERAL_NULL_CONVERSION = YES;
				CLANG_WARN_OBJC_IMPLICIT_RETAIN_SELF = YES;
				CLANG_WARN_OBJC_LITERAL_CONVERSION = YES;
				CLANG_WARN_OBJC_ROOT_CLASS = YES_ERROR;
				CLANG_WARN_QUOTED_INCLUDE_IN_FRAMEWORK_HEADER = YES;
				CLANG_WARN_RANGE_LOOP_ANALYSIS = YES;
				CLANG_WARN_STRICT_PROTOTYPES = YES;
				CLANG_WARN_SUSPICIOUS_MOVE = YES;
				CLANG_WARN_UNGUARDED_AVAILABILITY = YES_AGGRESSIVE;
				CLANG_WARN_UNREACHABLE_CODE = YES;
				CLANG_WARN__DUPLICATE_METHOD_MATCH = YES;
				COPY_PHASE_STRIP = NO;
				DEBUG_INFORMATION_FORMAT = "dwarf-with-dsym";
				ENABLE_NS_ASSERTIONS = NO;
				ENABLE_STRICT_OBJC_MSGSEND = YES;
				GCC_C_LANGUAGE_STANDARD = gnu11;
				GCC_NO_COMMON_BLOCKS = YES;
				GCC_WARN_64_TO_32_BIT_CONVERSION = YES;
				GCC_WARN_ABOUT_RETURN_TYPE = YES_ERROR;
				GCC_WARN_UNDECLARED_SELECTOR = YES;
				GCC_WARN_UNINITIALIZED_AUTOS = YES_AGGRESSIVE;
				GCC_WARN_UNUSED_FUNCTION = YES;
				GCC_WARN_UNUSED_VARIABLE = YES;
				IPHONEOS_DEPLOYMENT_TARGET = 16.0;
				MTL_ENABLE_DEBUG_INFO = NO;
				MTL_FAST_MATH = YES;
				SDKROOT = iphoneos;
				SWIFT_COMPILATION_MODE = wholemodule;
				SWIFT_OPTIMIZATION_LEVEL = "-O";
				VALIDATE_PRODUCT = YES;
			};
			name = Release;
		};
		48C5F8CE28F315CF0013EF53 /* Debug */ = {
			isa = XCBuildConfiguration;
			baseConfigurationReference = 9AAA77E39A8B8BB176A59C56 /* Pods-SingKing.debug.xcconfig */;
			buildSettings = {
				ASSETCATALOG_COMPILER_APPICON_NAME = AppIcon;
				ASSETCATALOG_COMPILER_GLOBAL_ACCENT_COLOR_NAME = AccentColor;
				CODE_SIGN_STYLE = Automatic;
				CURRENT_PROJECT_VERSION = 1;
				DEVELOPMENT_ASSET_PATHS = "\"SingKing/Preview Content\"";
				DEVELOPMENT_TEAM = HLZ6FYL398;
				ENABLE_PREVIEWS = YES;
				GENERATE_INFOPLIST_FILE = YES;
				INFOPLIST_KEY_UIApplicationSceneManifest_Generation = YES;
				INFOPLIST_KEY_UIApplicationSupportsIndirectInputEvents = YES;
				INFOPLIST_KEY_UILaunchScreen_Generation = YES;
				INFOPLIST_KEY_UILaunchStoryboardName = LaunchScreen.storyboard;
				INFOPLIST_KEY_UISupportedInterfaceOrientations_iPad = "UIInterfaceOrientationPortrait UIInterfaceOrientationPortraitUpsideDown UIInterfaceOrientationLandscapeLeft UIInterfaceOrientationLandscapeRight";
				INFOPLIST_KEY_UISupportedInterfaceOrientations_iPhone = "UIInterfaceOrientationPortrait UIInterfaceOrientationLandscapeLeft UIInterfaceOrientationLandscapeRight";
				IPHONEOS_DEPLOYMENT_TARGET = 15.0;
				LD_RUNPATH_SEARCH_PATHS = (
					"$(inherited)",
					"@executable_path/Frameworks",
				);
				MARKETING_VERSION = 1.0;
				PRODUCT_BUNDLE_IDENTIFIER = "io.github.ehsan-askari.SingKing";
				PRODUCT_NAME = "$(TARGET_NAME)";
				SWIFT_EMIT_LOC_STRINGS = YES;
				SWIFT_VERSION = 5.0;
				TARGETED_DEVICE_FAMILY = "1,2";
			};
			name = Debug;
		};
		48C5F8CF28F315CF0013EF53 /* Release */ = {
			isa = XCBuildConfiguration;
			baseConfigurationReference = 6DBD93D24575D9D3894AA9DF /* Pods-SingKing.release.xcconfig */;
			buildSettings = {
				ASSETCATALOG_COMPILER_APPICON_NAME = AppIcon;
				ASSETCATALOG_COMPILER_GLOBAL_ACCENT_COLOR_NAME = AccentColor;
				CODE_SIGN_STYLE = Automatic;
				CURRENT_PROJECT_VERSION = 1;
				DEVELOPMENT_ASSET_PATHS = "\"SingKing/Preview Content\"";
				DEVELOPMENT_TEAM = HLZ6FYL398;
				ENABLE_PREVIEWS = YES;
				GENERATE_INFOPLIST_FILE = YES;
				INFOPLIST_KEY_UIApplicationSceneManifest_Generation = YES;
				INFOPLIST_KEY_UIApplicationSupportsIndirectInputEvents = YES;
				INFOPLIST_KEY_UILaunchScreen_Generation = YES;
				INFOPLIST_KEY_UILaunchStoryboardName = LaunchScreen.storyboard;
				INFOPLIST_KEY_UISupportedInterfaceOrientations_iPad = "UIInterfaceOrientationPortrait UIInterfaceOrientationPortraitUpsideDown UIInterfaceOrientationLandscapeLeft UIInterfaceOrientationLandscapeRight";
				INFOPLIST_KEY_UISupportedInterfaceOrientations_iPhone = "UIInterfaceOrientationPortrait UIInterfaceOrientationLandscapeLeft UIInterfaceOrientationLandscapeRight";
				IPHONEOS_DEPLOYMENT_TARGET = 15.0;
				LD_RUNPATH_SEARCH_PATHS = (
					"$(inherited)",
					"@executable_path/Frameworks",
				);
				MARKETING_VERSION = 1.0;
				PRODUCT_BUNDLE_IDENTIFIER = "io.github.ehsan-askari.SingKing";
				PRODUCT_NAME = "$(TARGET_NAME)";
				SWIFT_EMIT_LOC_STRINGS = YES;
				SWIFT_VERSION = 5.0;
				TARGETED_DEVICE_FAMILY = "1,2";
			};
			name = Release;
		};
		48C5F8D128F315CF0013EF53 /* Debug */ = {
			isa = XCBuildConfiguration;
			baseConfigurationReference = A6BC368DC6DD1EFB52C8670E /* Pods-SingKingTests.debug.xcconfig */;
			buildSettings = {
				ALWAYS_EMBED_SWIFT_STANDARD_LIBRARIES = YES;
				BUNDLE_LOADER = "$(TEST_HOST)";
				CODE_SIGN_STYLE = Automatic;
				CURRENT_PROJECT_VERSION = 1;
				DEVELOPMENT_TEAM = HLZ6FYL398;
				GENERATE_INFOPLIST_FILE = YES;
				IPHONEOS_DEPLOYMENT_TARGET = 16.0;
				MARKETING_VERSION = 1.0;
				PRODUCT_BUNDLE_IDENTIFIER = "io.github.ehsan-askari.SingKingTests";
				PRODUCT_NAME = "$(TARGET_NAME)";
				SWIFT_EMIT_LOC_STRINGS = NO;
				SWIFT_VERSION = 5.0;
				TARGETED_DEVICE_FAMILY = "1,2";
				TEST_HOST = "$(BUILT_PRODUCTS_DIR)/SingKing.app/$(BUNDLE_EXECUTABLE_FOLDER_PATH)/SingKing";
			};
			name = Debug;
		};
		48C5F8D228F315CF0013EF53 /* Release */ = {
			isa = XCBuildConfiguration;
			baseConfigurationReference = 5F3CDB31AA5D0AE7207F4453 /* Pods-SingKingTests.release.xcconfig */;
			buildSettings = {
				ALWAYS_EMBED_SWIFT_STANDARD_LIBRARIES = YES;
				BUNDLE_LOADER = "$(TEST_HOST)";
				CODE_SIGN_STYLE = Automatic;
				CURRENT_PROJECT_VERSION = 1;
				DEVELOPMENT_TEAM = HLZ6FYL398;
				GENERATE_INFOPLIST_FILE = YES;
				IPHONEOS_DEPLOYMENT_TARGET = 16.0;
				MARKETING_VERSION = 1.0;
				PRODUCT_BUNDLE_IDENTIFIER = "io.github.ehsan-askari.SingKingTests";
				PRODUCT_NAME = "$(TARGET_NAME)";
				SWIFT_EMIT_LOC_STRINGS = NO;
				SWIFT_VERSION = 5.0;
				TARGETED_DEVICE_FAMILY = "1,2";
				TEST_HOST = "$(BUILT_PRODUCTS_DIR)/SingKing.app/$(BUNDLE_EXECUTABLE_FOLDER_PATH)/SingKing";
			};
			name = Release;
		};
		48C5F8D428F315CF0013EF53 /* Debug */ = {
			isa = XCBuildConfiguration;
			baseConfigurationReference = 993762005F4FA3B5BE4D5DCF /* Pods-SingKing-SingKingUITests.debug.xcconfig */;
			buildSettings = {
				ALWAYS_EMBED_SWIFT_STANDARD_LIBRARIES = YES;
				CODE_SIGN_STYLE = Automatic;
				CURRENT_PROJECT_VERSION = 1;
				DEVELOPMENT_TEAM = HLZ6FYL398;
				GENERATE_INFOPLIST_FILE = YES;
				MARKETING_VERSION = 1.0;
				PRODUCT_BUNDLE_IDENTIFIER = "io.github.ehsan-askari.SingKingUITests";
				PRODUCT_NAME = "$(TARGET_NAME)";
				SWIFT_EMIT_LOC_STRINGS = NO;
				SWIFT_VERSION = 5.0;
				TARGETED_DEVICE_FAMILY = "1,2";
				TEST_TARGET_NAME = SingKing;
			};
			name = Debug;
		};
		48C5F8D528F315CF0013EF53 /* Release */ = {
			isa = XCBuildConfiguration;
			baseConfigurationReference = 740B9AF34EBD3DF667C03D2C /* Pods-SingKing-SingKingUITests.release.xcconfig */;
			buildSettings = {
				ALWAYS_EMBED_SWIFT_STANDARD_LIBRARIES = YES;
				CODE_SIGN_STYLE = Automatic;
				CURRENT_PROJECT_VERSION = 1;
				DEVELOPMENT_TEAM = HLZ6FYL398;
				GENERATE_INFOPLIST_FILE = YES;
				MARKETING_VERSION = 1.0;
				PRODUCT_BUNDLE_IDENTIFIER = "io.github.ehsan-askari.SingKingUITests";
				PRODUCT_NAME = "$(TARGET_NAME)";
				SWIFT_EMIT_LOC_STRINGS = NO;
				SWIFT_VERSION = 5.0;
				TARGETED_DEVICE_FAMILY = "1,2";
				TEST_TARGET_NAME = SingKing;
			};
			name = Release;
		};
/* End XCBuildConfiguration section */

/* Begin XCConfigurationList section */
		48C5F8A428F315CC0013EF53 /* Build configuration list for PBXProject "SingKing" */ = {
			isa = XCConfigurationList;
			buildConfigurations = (
				48C5F8CB28F315CF0013EF53 /* Debug */,
				48C5F8CC28F315CF0013EF53 /* Release */,
			);
			defaultConfigurationIsVisible = 0;
			defaultConfigurationName = Release;
		};
		48C5F8CD28F315CF0013EF53 /* Build configuration list for PBXNativeTarget "SingKing" */ = {
			isa = XCConfigurationList;
			buildConfigurations = (
				48C5F8CE28F315CF0013EF53 /* Debug */,
				48C5F8CF28F315CF0013EF53 /* Release */,
			);
			defaultConfigurationIsVisible = 0;
			defaultConfigurationName = Release;
		};
		48C5F8D028F315CF0013EF53 /* Build configuration list for PBXNativeTarget "SingKingTests" */ = {
			isa = XCConfigurationList;
			buildConfigurations = (
				48C5F8D128F315CF0013EF53 /* Debug */,
				48C5F8D228F315CF0013EF53 /* Release */,
			);
			defaultConfigurationIsVisible = 0;
			defaultConfigurationName = Release;
		};
		48C5F8D328F315CF0013EF53 /* Build configuration list for PBXNativeTarget "SingKingUITests" */ = {
			isa = XCConfigurationList;
			buildConfigurations = (
				48C5F8D428F315CF0013EF53 /* Debug */,
				48C5F8D528F315CF0013EF53 /* Release */,
			);
			defaultConfigurationIsVisible = 0;
			defaultConfigurationName = Release;
		};
/* End XCConfigurationList section */
	};
	rootObject = 48C5F8A128F315CC0013EF53 /* Project object */;
}
